
Microsoft Visual Studio Solution File, Format Version 12.00
# Visual Studio Version 17
VisualStudioVersion = 17.10.35122.118
MinimumVisualStudioVersion = 10.0.40219.1
Project("{FAE04EC0-301F-11D3-BF4B-00C04F79EFBC}") = "Tropique", "Tropique\Tropique.csproj", "{0B50F79A-9E19-4EFE-B46A-4A60FE711B31}"
EndProject
Global
	GlobalSection(SolutionConfigurationPlatforms) = preSolution
		Debug|Any CPU = Debug|Any CPU
		Release|Any CPU = Release|Any CPU
	EndGlobalSection
	GlobalSection(ProjectConfigurationPlatforms) = postSolution
		{0B50F79A-9E19-4EFE-B46A-4A60FE711B31}.Debug|Any CPU.ActiveCfg = Debug|Any CPU
		{0B50F79A-9E19-4EFE-B46A-4A60FE711B31}.Debug|Any CPU.Build.0 = Debug|Any CPU
		{0B50F79A-9E19-4EFE-B46A-4A60FE711B31}.Release|Any CPU.ActiveCfg = Release|Any CPU
		{0B50F79A-9E19-4EFE-B46A-4A60FE711B31}.Release|Any CPU.Build.0 = Release|Any CPU
	EndGlobalSection
	GlobalSection(SolutionProperties) = preSolution
		HideSolutionNode = FALSE
	EndGlobalSection
	GlobalSection(ExtensibilityGlobals) = postSolution
		SolutionGuid = {3014216D-4B5C-449C-AFAD-1648EA379AE4}
	EndGlobalSection
EndGlobal
